
Microsoft Visual Studio Solution File, Format Version 12.00
# Visual Studio Version 17
VisualStudioVersion = 17.4.33110.190
MinimumVisualStudioVersion = 10.0.40219.1
Project("{FAE04EC0-301F-11D3-BF4B-00C04F79EFBC}") = "FinalProject.API", "FinalProject.API\FinalProject.API.csproj", "{3E8B7345-A1BC-4E04-A12D-FE03EE9F621E}"
EndProject
Project("{FAE04EC0-301F-11D3-BF4B-00C04F79EFBC}") = "FinalProject.Core", "FinalProject.Core\FinalProject.Core.csproj", "{62F957B5-FCCD-4D00-BE1B-A7B7E1F01944}"
EndProject
Project("{FAE04EC0-301F-11D3-BF4B-00C04F79EFBC}") = "FinalProject.Infra", "FinalProject.Infra\FinalProject.Infra.csproj", "{4B2F9D06-DBCD-42B4-83A3-6B6804737996}"
EndProject
Project("{2150E333-8FDC-42A3-9474-1A3956D46DE8}") = "Solution Items", "Solution Items", "{2E2203DC-1218-4411-8CD0-54B7EB8D19D2}"
	ProjectSection(SolutionItems) = preProject
		.editorconfig = .editorconfig
	EndProjectSection
EndProject
Global
	GlobalSection(SolutionConfigurationPlatforms) = preSolution
		Debug|Any CPU = Debug|Any CPU
		Release|Any CPU = Release|Any CPU
	EndGlobalSection
	GlobalSection(ProjectConfigurationPlatforms) = postSolution
		{3E8B7345-A1BC-4E04-A12D-FE03EE9F621E}.Debug|Any CPU.ActiveCfg = Debug|Any CPU
		{3E8B7345-A1BC-4E04-A12D-FE03EE9F621E}.Debug|Any CPU.Build.0 = Debug|Any CPU
		{3E8B7345-A1BC-4E04-A12D-FE03EE9F621E}.Release|Any CPU.ActiveCfg = Release|Any CPU
		{3E8B7345-A1BC-4E04-A12D-FE03EE9F621E}.Release|Any CPU.Build.0 = Release|Any CPU
		{62F957B5-FCCD-4D00-BE1B-A7B7E1F01944}.Debug|Any CPU.ActiveCfg = Debug|Any CPU
		{62F957B5-FCCD-4D00-BE1B-A7B7E1F01944}.Debug|Any CPU.Build.0 = Debug|Any CPU
		{62F957B5-FCCD-4D00-BE1B-A7B7E1F01944}.Release|Any CPU.ActiveCfg = Release|Any CPU
		{62F957B5-FCCD-4D00-BE1B-A7B7E1F01944}.Release|Any CPU.Build.0 = Release|Any CPU
		{4B2F9D06-DBCD-42B4-83A3-6B6804737996}.Debug|Any CPU.ActiveCfg = Debug|Any CPU
		{4B2F9D06-DBCD-42B4-83A3-6B6804737996}.Debug|Any CPU.Build.0 = Debug|Any CPU
		{4B2F9D06-DBCD-42B4-83A3-6B6804737996}.Release|Any CPU.ActiveCfg = Release|Any CPU
		{4B2F9D06-DBCD-42B4-83A3-6B6804737996}.Release|Any CPU.Build.0 = Release|Any CPU
	EndGlobalSection
	GlobalSection(SolutionProperties) = preSolution
		HideSolutionNode = FALSE
	EndGlobalSection
	GlobalSection(ExtensibilityGlobals) = postSolution
		SolutionGuid = {A1F0589B-C294-4F2F-8ECF-756B6AF1E837}
	EndGlobalSection
EndGlobal
